
Microsoft Visual Studio Solution File, Format Version 12.00
# Visual Studio Version 17
VisualStudioVersion = 17.10.35013.160
MinimumVisualStudioVersion = 10.0.40219.1
Project("{9A19103F-16F7-4668-BE54-9A1E7A4F7556}") = "Atividade2", "Atividade2\Atividade2.csproj", "{EAD1512E-C15F-4DC3-9EE2-2A968E403467}"
EndProject
Project("{FAE04EC0-301F-11D3-BF4B-00C04F79EFBC}") = "NovaBiblioteca", "NovaBiblioteca\NovaBiblioteca.csproj", "{96D4BB67-938E-4AA9-9D96-DD7A24BED6B1}"
EndProject
Global
	GlobalSection(SolutionConfigurationPlatforms) = preSolution
		Debug|Any CPU = Debug|Any CPU
		Release|Any CPU = Release|Any CPU
	EndGlobalSection
	GlobalSection(ProjectConfigurationPlatforms) = postSolution
		{EAD1512E-C15F-4DC3-9EE2-2A968E403467}.Debug|Any CPU.ActiveCfg = Debug|Any CPU
		{EAD1512E-C15F-4DC3-9EE2-2A968E403467}.Debug|Any CPU.Build.0 = Debug|Any CPU
		{EAD1512E-C15F-4DC3-9EE2-2A968E403467}.Release|Any CPU.ActiveCfg = Release|Any CPU
		{EAD1512E-C15F-4DC3-9EE2-2A968E403467}.Release|Any CPU.Build.0 = Release|Any CPU
		{96D4BB67-938E-4AA9-9D96-DD7A24BED6B1}.Debug|Any CPU.ActiveCfg = Debug|Any CPU
		{96D4BB67-938E-4AA9-9D96-DD7A24BED6B1}.Debug|Any CPU.Build.0 = Debug|Any CPU
		{96D4BB67-938E-4AA9-9D96-DD7A24BED6B1}.Release|Any CPU.ActiveCfg = Release|Any CPU
		{96D4BB67-938E-4AA9-9D96-DD7A24BED6B1}.Release|Any CPU.Build.0 = Release|Any CPU
	EndGlobalSection
	GlobalSection(SolutionProperties) = preSolution
		HideSolutionNode = FALSE
	EndGlobalSection
	GlobalSection(ExtensibilityGlobals) = postSolution
		SolutionGuid = {34676211-C0F2-4892-B67F-07FF83569D01}
	EndGlobalSection
EndGlobal
